# THIS IS AN AUTOGENERATED FILE. DO NOT EDIT THIS FILE DIRECTLY.
# yarn lockfile v1


base64-js@0.0.8:
  version "0.0.8"
  resolved "https://registry.yarnpkg.com/base64-js/-/base64-js-0.0.8.tgz#1101e9544f4a76b1bc3b26d452ca96d7a35e7978"

base64-js@^1.0.2:
  version "1.2.1"
  resolved "https://registry.yarnpkg.com/base64-js/-/base64-js-1.2.1.tgz#a91947da1f4a516ea38e5b4ec0ec3773675e0886"

browser-process-hrtime@^0.1.2:
  version "0.1.2"
  resolved "https://registry.yarnpkg.com/browser-process-hrtime/-/browser-process-hrtime-0.1.2.tgz#425d68a58d3447f02a04aa894187fce8af8b7b8e"

buffer@^5.0.0:
  version "5.0.8"
  resolved "https://registry.yarnpkg.com/buffer/-/buffer-5.0.8.tgz#84daa52e7cf2fa8ce4195bc5cf0f7809e0930b24"
  dependencies:
    base64-js "^1.0.2"
    ieee754 "^1.1.4"

events@^1.0.2:
  version "1.1.1"
  resolved "https://registry.yarnpkg.com/events/-/events-1.1.1.tgz#9ebdb7635ad099c70dcc4c2a1f5004288e8bd924"

ieee754@^1.1.4:
  version "1.1.8"
  resolved "https://registry.yarnpkg.com/ieee754/-/ieee754-1.1.8.tgz#be33d40ac10ef1926701f6f08a2d86fbfd1ad3e4"

inherits@2.0.1:
  version "2.0.1"
  resolved "https://registry.yarnpkg.com/inherits/-/inherits-2.0.1.tgz#b17d08d326b4423e568eff719f91b0b1cbdf69f1"

ip-regex@^1.0.3:
  version "1.0.3"
  resolved "https://registry.yarnpkg.com/ip-regex/-/ip-regex-1.0.3.tgz#dc589076f659f419c222039a33316f1c7387effd"

process@^0.11.9:
  version "0.11.10"
  resolved "https://registry.yarnpkg.com/process/-/process-0.11.10.tgz#7332300e840161bda3e69a1d1d91a7d4bc16f182"

react-native-tcp@^3.3.0:
  version "3.3.0"
  resolved "https://registry.yarnpkg.com/react-native-tcp/-/react-native-tcp-3.3.0.tgz#8eea75b7b2c2c6db4b91f38f171fba3b2a1b60ee"
  dependencies:
    base64-js "0.0.8"
    buffer "^5.0.0"
    events "^1.0.2"
    ip-regex "^1.0.3"
    process "^0.11.9"
    util "^0.10.3"

util@^0.10.3:
  version "0.10.3"
  resolved "https://registry.yarnpkg.com/util/-/util-0.10.3.tgz#7afb1afe50805246489e3db7fe0ed379336ac0f9"
  dependencies:
    inherits "2.0.1"
